
Microsoft Visual Studio Solution File, Format Version 12.00
# Visual Studio 15
Project("{FAE04EC0-301F-11D3-BF4B-00C04F79EFBC}") = "StudentRegistrationConsole", "StudentRegistrationConsole\StudentRegistrationConsole.csproj", "{1E60C2B1-FF8C-4EA9-A57C-B9F3E2AFC677}"
EndProject
Global
	GlobalSection(SolutionConfigurationPlatforms) = preSolution
		Debug|Any CPU = Debug|Any CPU
		Release|Any CPU = Release|Any CPU
	EndGlobalSection
	GlobalSection(ProjectConfigurationPlatforms) = postSolution
		{1E60C2B1-FF8C-4EA9-A57C-B9F3E2AFC677}.Debug|Any CPU.ActiveCfg = Debug|Any CPU
		{1E60C2B1-FF8C-4EA9-A57C-B9F3E2AFC677}.Debug|Any CPU.Build.0 = Debug|Any CPU
		{1E60C2B1-FF8C-4EA9-A57C-B9F3E2AFC677}.Release|Any CPU.ActiveCfg = Release|Any CPU
		{1E60C2B1-FF8C-4EA9-A57C-B9F3E2AFC677}.Release|Any CPU.Build.0 = Release|Any CPU
	EndGlobalSection
EndGlobal
